Microsoft Visual Studio Solution File, Format Version 12.00
Project("{FAE04EC0-301F-11D3-BF4B-00C04F79EFBC}") = "MyFITJob.Api", "MyFITJob.Api\MyFITJob.Api.csproj", "{1DEB3BAE-AF65-4034-9E52-B4D9B0340A84}"
EndProject
Project("{2150E333-8FDC-42A3-9474-1A3956D46DE8}") = "SolutionItems", "SolutionItems", "{68AE833C-3905-4B01-810F-2C3C97F6BF23}"
	ProjectSection(SolutionItems) = preProject
		.dockerignore = .dockerignore
		.gitignore = .gitignore
		Dockerfile = Dockerfile
	EndProjectSection
EndProject
Global
	GlobalSection(SolutionConfigurationPlatforms) = preSolution
		Debug|Any CPU = Debug|Any CPU
		Release|Any CPU = Release|Any CPU
	EndGlobalSection
	GlobalSection(ProjectConfigurationPlatforms) = postSolution
		{1DEB3BAE-AF65-4034-9E52-B4D9B0340A84}.Debug|Any CPU.ActiveCfg = Debug|Any CPU
		{1DEB3BAE-AF65-4034-9E52-B4D9B0340A84}.Debug|Any CPU.Build.0 = Debug|Any CPU
		{1DEB3BAE-AF65-4034-9E52-B4D9B0340A84}.Release|Any CPU.ActiveCfg = Release|Any CPU
		{1DEB3BAE-AF65-4034-9E52-B4D9B0340A84}.Release|Any CPU.Build.0 = Release|Any CPU
	EndGlobalSection
EndGlobal
